
Microsoft Visual Studio Solution File, Format Version 12.00
# Visual Studio Version 16
VisualStudioVersion = 16.0.29324.140
MinimumVisualStudioVersion = 10.0.40219.1
Project("{FAE04EC0-301F-11D3-BF4B-00C04F79EFBC}") = "Blazor.Client", "Blazor.Client.csproj", "{5518FC02-CD20-4A4C-BC06-C2B4E3505B58}"
EndProject
Global
	GlobalSection(SolutionConfigurationPlatforms) = preSolution
		Debug|Any CPU = Debug|Any CPU
		Release|Any CPU = Release|Any CPU
	EndGlobalSection
	GlobalSection(ProjectConfigurationPlatforms) = postSolution
		{5518FC02-CD20-4A4C-BC06-C2B4E3505B58}.Debug|Any CPU.ActiveCfg = Debug|Any CPU
		{5518FC02-CD20-4A4C-BC06-C2B4E3505B58}.Debug|Any CPU.Build.0 = Debug|Any CPU
		{5518FC02-CD20-4A4C-BC06-C2B4E3505B58}.Release|Any CPU.ActiveCfg = Release|Any CPU
		{5518FC02-CD20-4A4C-BC06-C2B4E3505B58}.Release|Any CPU.Build.0 = Release|Any CPU
	EndGlobalSection
	GlobalSection(SolutionProperties) = preSolution
		HideSolutionNode = FALSE
	EndGlobalSection
	GlobalSection(ExtensibilityGlobals) = postSolution
		SolutionGuid = {E34F06AC-D5D0-48DC-95BE-2CB4561FD051}
	EndGlobalSection
EndGlobal
